// !$*UTF8*$!
{
	archiveVersion = 1;
	classes = {
	};
	objectVersion = 55;
	objects = {

/* Begin PBXBuildFile section */
		1252D35BB0EDF1BB8BAE17CE /* Pods_Sary_flagship_iOS_AppTests.framework in Frameworks */ = {isa = PBXBuildFile; fileRef = 759644EA4B985F94E6B5D18D /* Pods_Sary_flagship_iOS_AppTests.framework */; };
		8E609A237AC2277203BC0E5F /* Pods_Sary_flagship_iOS_App.framework in Frameworks */ = {isa = PBXBuildFile; fileRef = D7F3E25FB819AE67841AD33D /* Pods_Sary_flagship_iOS_App.framework */; };
		96B327B7C6196159E1DD5573 /* Pods_Sary_flagship_iOS_App_Sary_flagship_iOS_AppUITests.framework in Frameworks */ = {isa = PBXBuildFile; fileRef = 9F93903D01FAFC61D9083C18 /* Pods_Sary_flagship_iOS_App_Sary_flagship_iOS_AppUITests.framework */; };
		A6862DC227CFB22B00129FE3 /* AppDelegate.swift in Sources */ = {isa = PBXBuildFile; fileRef = A6862DC127CFB22B00129FE3 /* AppDelegate.swift */; };
		A6862DC627CFB22B00129FE3 /*  SaryHomeViewController.swift in Sources */ = {isa = PBXBuildFile; fileRef = A6862DC527CFB22B00129FE3 /*  SaryHomeViewController.swift */; };
		A6862DC927CFB22B00129FE3 /* Main.storyboard in Resources */ = {isa = PBXBuildFile; fileRef = A6862DC727CFB22B00129FE3 /* Main.storyboard */; };
		A6862DCB27CFB22E00129FE3 /* Assets.xcassets in Resources */ = {isa = PBXBuildFile; fileRef = A6862DCA27CFB22E00129FE3 /* Assets.xcassets */; };
		A6862DCE27CFB22E00129FE3 /* LaunchScreen.storyboard in Resources */ = {isa = PBXBuildFile; fileRef = A6862DCC27CFB22E00129FE3 /* LaunchScreen.storyboard */; };
		A6862DD927CFB22E00129FE3 /* SaryHomeDashboardViewModelTest.swift in Sources */ = {isa = PBXBuildFile; fileRef = A6862DD827CFB22E00129FE3 /* SaryHomeDashboardViewModelTest.swift */; };
		A6862DE327CFB22E00129FE3 /* Sary_flagship_iOS_AppUITests.swift in Sources */ = {isa = PBXBuildFile; fileRef = A6862DE227CFB22E00129FE3 /* Sary_flagship_iOS_AppUITests.swift */; };
		A6862DE527CFB22E00129FE3 /* Sary_flagship_iOS_AppUITestsLaunchTests.swift in Sources */ = {isa = PBXBuildFile; fileRef = A6862DE427CFB22E00129FE3 /* Sary_flagship_iOS_AppUITestsLaunchTests.swift */; };
		A6F0AEF727D2CB520051197E /* BannerModel.swift in Sources */ = {isa = PBXBuildFile; fileRef = A6F0AEF627D2CB520051197E /* BannerModel.swift */; };
		A6F0AEF927D2CBD40051197E /* GenericResponseModel.swift in Sources */ = {isa = PBXBuildFile; fileRef = A6F0AEF827D2CBD40051197E /* GenericResponseModel.swift */; };
		A6F0AEFB27D2CDC80051197E /* CategoryModel.swift in Sources */ = {isa = PBXBuildFile; fileRef = A6F0AEFA27D2CDC80051197E /* CategoryModel.swift */; };
		A6F0AF0327D2DB080051197E /* Container+ViewModels.swift in Sources */ = {isa = PBXBuildFile; fileRef = A6F0AEFD27D2DB080051197E /* Container+ViewModels.swift */; };
		A6F0AF0427D2DB080051197E /* Container+ViewModels.swift in Sources */ = {isa = PBXBuildFile; fileRef = A6F0AEFD27D2DB080051197E /* Container+ViewModels.swift */; };
		A6F0AF0527D2DB080051197E /* Container+ViewModels.swift in Sources */ = {isa = PBXBuildFile; fileRef = A6F0AEFD27D2DB080051197E /* Container+ViewModels.swift */; };
		A6F0AF0627D2DB080051197E /* Container+RegisterDependencies.swift in Sources */ = {isa = PBXBuildFile; fileRef = A6F0AEFE27D2DB080051197E /* Container+RegisterDependencies.swift */; };
		A6F0AF0727D2DB080051197E /* Container+RegisterDependencies.swift in Sources */ = {isa = PBXBuildFile; fileRef = A6F0AEFE27D2DB080051197E /* Container+RegisterDependencies.swift */; };
		A6F0AF0827D2DB080051197E /* Container+RegisterDependencies.swift in Sources */ = {isa = PBXBuildFile; fileRef = A6F0AEFE27D2DB080051197E /* Container+RegisterDependencies.swift */; };
		A6F0AF0927D2DB080051197E /* Container+Services.swift in Sources */ = {isa = PBXBuildFile; fileRef = A6F0AEFF27D2DB080051197E /* Container+Services.swift */; };
		A6F0AF0A27D2DB080051197E /* Container+Services.swift in Sources */ = {isa = PBXBuildFile; fileRef = A6F0AEFF27D2DB080051197E /* Container+Services.swift */; };
		A6F0AF0B27D2DB080051197E /* Container+Services.swift in Sources */ = {isa = PBXBuildFile; fileRef = A6F0AEFF27D2DB080051197E /* Container+Services.swift */; };
		A6F0AF0F27D2DB080051197E /* Container+Coordinators.swift in Sources */ = {isa = PBXBuildFile; fileRef = A6F0AF0127D2DB080051197E /* Container+Coordinators.swift */; };
		A6F0AF1027D2DB080051197E /* Container+Coordinators.swift in Sources */ = {isa = PBXBuildFile; fileRef = A6F0AF0127D2DB080051197E /* Container+Coordinators.swift */; };
		A6F0AF1127D2DB080051197E /* Container+Coordinators.swift in Sources */ = {isa = PBXBuildFile; fileRef = A6F0AF0127D2DB080051197E /* Container+Coordinators.swift */; };
		A6F0AF1227D2DB080051197E /* Container+Repositories.swift in Sources */ = {isa = PBXBuildFile; fileRef = A6F0AF0227D2DB080051197E /* Container+Repositories.swift */; };
		A6F0AF1327D2DB080051197E /* Container+Repositories.swift in Sources */ = {isa = PBXBuildFile; fileRef = A6F0AF0227D2DB080051197E /* Container+Repositories.swift */; };
		A6F0AF1427D2DB080051197E /* Container+Repositories.swift in Sources */ = {isa = PBXBuildFile; fileRef = A6F0AF0227D2DB080051197E /* Container+Repositories.swift */; };
		A6F0AF1627D2E3750051197E /* SaryHomeApi.swift in Sources */ = {isa = PBXBuildFile; fileRef = A6F0AF1527D2E3750051197E /* SaryHomeApi.swift */; };
		A6F0AF1727D2E3750051197E /* SaryHomeApi.swift in Sources */ = {isa = PBXBuildFile; fileRef = A6F0AF1527D2E3750051197E /* SaryHomeApi.swift */; };
		A6F0AF1827D2E3750051197E /* SaryHomeApi.swift in Sources */ = {isa = PBXBuildFile; fileRef = A6F0AF1527D2E3750051197E /* SaryHomeApi.swift */; };
		A6F0AF1A27D2E4470051197E /* SaryHomeRemoteServiceManager.swift in Sources */ = {isa = PBXBuildFile; fileRef = A6F0AF1927D2E4470051197E /* SaryHomeRemoteServiceManager.swift */; };
		A6F0AF1B27D2E4470051197E /* SaryHomeRemoteServiceManager.swift in Sources */ = {isa = PBXBuildFile; fileRef = A6F0AF1927D2E4470051197E /* SaryHomeRemoteServiceManager.swift */; };
		A6F0AF1C27D2E4470051197E /* SaryHomeRemoteServiceManager.swift in Sources */ = {isa = PBXBuildFile; fileRef = A6F0AF1927D2E4470051197E /* SaryHomeRemoteServiceManager.swift */; };
		A6F0AF1E27D2E4B70051197E /* MoyaConfiguration.swift in Sources */ = {isa = PBXBuildFile; fileRef = A6F0AF1D27D2E4B70051197E /* MoyaConfiguration.swift */; };
		A6F0AF1F27D2E4B70051197E /* MoyaConfiguration.swift in Sources */ = {isa = PBXBuildFile; fileRef = A6F0AF1D27D2E4B70051197E /* MoyaConfiguration.swift */; };
		A6F0AF2027D2E4B70051197E /* MoyaConfiguration.swift in Sources */ = {isa = PBXBuildFile; fileRef = A6F0AF1D27D2E4B70051197E /* MoyaConfiguration.swift */; };
		A6F0AF2327D2E7EC0051197E /* SaryHomeDashboardViewModel.swift in Sources */ = {isa = PBXBuildFile; fileRef = A6F0AF2227D2E7EC0051197E /* SaryHomeDashboardViewModel.swift */; };
		A6F0AF2427D2E7EC0051197E /* SaryHomeDashboardViewModel.swift in Sources */ = {isa = PBXBuildFile; fileRef = A6F0AF2227D2E7EC0051197E /* SaryHomeDashboardViewModel.swift */; };
		A6F0AF2527D2E7EC0051197E /* SaryHomeDashboardViewModel.swift in Sources */ = {isa = PBXBuildFile; fileRef = A6F0AF2227D2E7EC0051197E /* SaryHomeDashboardViewModel.swift */; };
		A6F0AF2727D2EB650051197E /* SaryHomeRepository.swift in Sources */ = {isa = PBXBuildFile; fileRef = A6F0AF2627D2EB650051197E /* SaryHomeRepository.swift */; };
		A6F0AF2827D2EB650051197E /* SaryHomeRepository.swift in Sources */ = {isa = PBXBuildFile; fileRef = A6F0AF2627D2EB650051197E /* SaryHomeRepository.swift */; };
		A6F0AF2927D2EB650051197E /* SaryHomeRepository.swift in Sources */ = {isa = PBXBuildFile; fileRef = A6F0AF2627D2EB650051197E /* SaryHomeRepository.swift */; };
		A6F4DBBB27D374C700533A5B /* GetBannersUseCase.swift in Sources */ = {isa = PBXBuildFile; fileRef = A6F4DBBA27D374C700533A5B /* GetBannersUseCase.swift */; };
		A6F4DBBD27D3795400533A5B /* BaseViewModel.swift in Sources */ = {isa = PBXBuildFile; fileRef = A6F4DBBC27D3795400533A5B /* BaseViewModel.swift */; };
		A6F4DBC127D37B5800533A5B /* AppCoordinator.swift in Sources */ = {isa = PBXBuildFile; fileRef = A6F4DBBF27D37B5700533A5B /* AppCoordinator.swift */; };
		A6F4DBC227D37B5800533A5B /* BaseCoordinator.swift in Sources */ = {isa = PBXBuildFile; fileRef = A6F4DBC027D37B5800533A5B /* BaseCoordinator.swift */; };
		A6F4DBC427D37C2300533A5B /* TabBarConfiguration.swift in Sources */ = {isa = PBXBuildFile; fileRef = A6F4DBC327D37C2300533A5B /* TabBarConfiguration.swift */; };
		A6F4DBC627D37DF300533A5B /* SaryHomeCoordinatoor.swift in Sources */ = {isa = PBXBuildFile; fileRef = A6F4DBC527D37DF300533A5B /* SaryHomeCoordinatoor.swift */; };
		A6F4DBC827D387D700533A5B /* SceneDelegate.swift in Sources */ = {isa = PBXBuildFile; fileRef = A6F4DBC727D387D700533A5B /* SceneDelegate.swift */; };
		A6F4DBCA27D3FF7100533A5B /* SelfSizeTableView.swift in Sources */ = {isa = PBXBuildFile; fileRef = A6F4DBC927D3FF7100533A5B /* SelfSizeTableView.swift */; };
		A6F4DBD027D4021B00533A5B /* BannersTableCell.swift in Sources */ = {isa = PBXBuildFile; fileRef = A6F4DBCE27D4021B00533A5B /* BannersTableCell.swift */; };
		A6F4DBD127D4021B00533A5B /* BannersTableCell.xib in Resources */ = {isa = PBXBuildFile; fileRef = A6F4DBCF27D4021B00533A5B /* BannersTableCell.xib */; };
		A6F4DBD527D40A9A00533A5B /* BannerCollectionViewCell.swift in Sources */ = {isa = PBXBuildFile; fileRef = A6F4DBD327D40A9A00533A5B /* BannerCollectionViewCell.swift */; };
		A6F4DBD627D40A9A00533A5B /* BannerCollectionViewCell.xib in Resources */ = {isa = PBXBuildFile; fileRef = A6F4DBD427D40A9A00533A5B /* BannerCollectionViewCell.xib */; };
		A6F4DBDA27D4174000533A5B /* ContainerCollectionViewTableViewCell.swift in Sources */ = {isa = PBXBuildFile; fileRef = A6F4DBD827D4174000533A5B /* ContainerCollectionViewTableViewCell.swift */; };
		A6F4DBDB27D4174000533A5B /* ContainerCollectionViewTableViewCell.xib in Resources */ = {isa = PBXBuildFile; fileRef = A6F4DBD927D4174000533A5B /* ContainerCollectionViewTableViewCell.xib */; };
		A6F4DBDF27D4259400533A5B /* SmartCollectionViewCell.swift in Sources */ = {isa = PBXBuildFile; fileRef = A6F4DBDD27D4259400533A5B /* SmartCollectionViewCell.swift */; };
		A6F4DBE027D4259400533A5B /* SmartCollectionViewCell.xib in Resources */ = {isa = PBXBuildFile; fileRef = A6F4DBDE27D4259400533A5B /* SmartCollectionViewCell.xib */; };
		A6F4DBE427D427BD00533A5B /* GroupCollectionViewCell.swift in Sources */ = {isa = PBXBuildFile; fileRef = A6F4DBE227D427BD00533A5B /* GroupCollectionViewCell.swift */; };
		A6F4DBE527D427BD00533A5B /* GroupCollectionViewCell.xib in Resources */ = {isa = PBXBuildFile; fileRef = A6F4DBE327D427BD00533A5B /* GroupCollectionViewCell.xib */; };
		A6F4DBE727D42A8F00533A5B /* SelfSizeCollectionView.swift in Sources */ = {isa = PBXBuildFile; fileRef = A6F4DBE627D42A8E00533A5B /* SelfSizeCollectionView.swift */; };
		A6F4DBE827D49A3900533A5B /* GenericResponseModel.swift in Sources */ = {isa = PBXBuildFile; fileRef = A6F0AEF827D2CBD40051197E /* GenericResponseModel.swift */; };
		A6F4DBE927D49A3A00533A5B /* GenericResponseModel.swift in Sources */ = {isa = PBXBuildFile; fileRef = A6F0AEF827D2CBD40051197E /* GenericResponseModel.swift */; };
		A6F4DBEA27D49A4B00533A5B /* SelfSizeCollectionView.swift in Sources */ = {isa = PBXBuildFile; fileRef = A6F4DBE627D42A8E00533A5B /* SelfSizeCollectionView.swift */; };
		A6F4DBEB27D49A4D00533A5B /* SelfSizeCollectionView.swift in Sources */ = {isa = PBXBuildFile; fileRef = A6F4DBE627D42A8E00533A5B /* SelfSizeCollectionView.swift */; };
		A6F4DBEC27D49A5000533A5B /* SelfSizeTableView.swift in Sources */ = {isa = PBXBuildFile; fileRef = A6F4DBC927D3FF7100533A5B /* SelfSizeTableView.swift */; };
		A6F4DBED27D49A5000533A5B /* SelfSizeTableView.swift in Sources */ = {isa = PBXBuildFile; fileRef = A6F4DBC927D3FF7100533A5B /* SelfSizeTableView.swift */; };
		A6F4DBEE27D49A5700533A5B /* BaseCoordinator.swift in Sources */ = {isa = PBXBuildFile; fileRef = A6F4DBC027D37B5800533A5B /* BaseCoordinator.swift */; };
		A6F4DBEF27D49A5700533A5B /* TabBarConfiguration.swift in Sources */ = {isa = PBXBuildFile; fileRef = A6F4DBC327D37C2300533A5B /* TabBarConfiguration.swift */; };
		A6F4DBF027D49A5700533A5B /* AppCoordinator.swift in Sources */ = {isa = PBXBuildFile; fileRef = A6F4DBBF27D37B5700533A5B /* AppCoordinator.swift */; };
		A6F4DBF127D49A5700533A5B /* SaryHomeCoordinatoor.swift in Sources */ = {isa = PBXBuildFile; fileRef = A6F4DBC527D37DF300533A5B /* SaryHomeCoordinatoor.swift */; };
		A6F4DBF227D49A5800533A5B /* BaseCoordinator.swift in Sources */ = {isa = PBXBuildFile; fileRef = A6F4DBC027D37B5800533A5B /* BaseCoordinator.swift */; };
		A6F4DBF327D49A5800533A5B /* TabBarConfiguration.swift in Sources */ = {isa = PBXBuildFile; fileRef = A6F4DBC327D37C2300533A5B /* TabBarConfiguration.swift */; };
		A6F4DBF427D49A5800533A5B /* AppCoordinator.swift in Sources */ = {isa = PBXBuildFile; fileRef = A6F4DBBF27D37B5700533A5B /* AppCoordinator.swift */; };
		A6F4DBF527D49A5800533A5B /* SaryHomeCoordinatoor.swift in Sources */ = {isa = PBXBuildFile; fileRef = A6F4DBC527D37DF300533A5B /* SaryHomeCoordinatoor.swift */; };
		A6F4DBF627D49A7B00533A5B /* BannerModel.swift in Sources */ = {isa = PBXBuildFile; fileRef = A6F0AEF627D2CB520051197E /* BannerModel.swift */; };
		A6F4DBF727D49A7B00533A5B /* CategoryModel.swift in Sources */ = {isa = PBXBuildFile; fileRef = A6F0AEFA27D2CDC80051197E /* CategoryModel.swift */; };
		A6F4DBF827D49A7C00533A5B /* BannerModel.swift in Sources */ = {isa = PBXBuildFile; fileRef = A6F0AEF627D2CB520051197E /* BannerModel.swift */; };
		A6F4DBF927D49A7C00533A5B /* CategoryModel.swift in Sources */ = {isa = PBXBuildFile; fileRef = A6F0AEFA27D2CDC80051197E /* CategoryModel.swift */; };
		A6F4DBFA27D49A8400533A5B /* BaseViewModel.swift in Sources */ = {isa = PBXBuildFile; fileRef = A6F4DBBC27D3795400533A5B /* BaseViewModel.swift */; };
		A6F4DBFB27D49A8500533A5B /* BaseViewModel.swift in Sources */ = {isa = PBXBuildFile; fileRef = A6F4DBBC27D3795400533A5B /* BaseViewModel.swift */; };
		A6F4DBFC27D49A8800533A5B /*  SaryHomeViewController.swift in Sources */ = {isa = PBXBuildFile; fileRef = A6862DC527CFB22B00129FE3 /*  SaryHomeViewController.swift */; };
		A6F4DBFD27D49A8900533A5B /*  SaryHomeViewController.swift in Sources */ = {isa = PBXBuildFile; fileRef = A6862DC527CFB22B00129FE3 /*  SaryHomeViewController.swift */; };
		A6F4DBFE27D49A9300533A5B /* SmartCollectionViewCell.swift in Sources */ = {isa = PBXBuildFile; fileRef = A6F4DBDD27D4259400533A5B /* SmartCollectionViewCell.swift */; };
		A6F4DBFF27D49A9300533A5B /* SmartCollectionViewCell.xib in Resources */ = {isa = PBXBuildFile; fileRef = A6F4DBDE27D4259400533A5B /* SmartCollectionViewCell.xib */; };
		A6F4DC0027D49A9300533A5B /* BannersTableCell.xib in Resources */ = {isa = PBXBuildFile; fileRef = A6F4DBCF27D4021B00533A5B /* BannersTableCell.xib */; };
		A6F4DC0127D49A9300533A5B /* GroupCollectionViewCell.xib in Resources */ = {isa = PBXBuildFile; fileRef = A6F4DBE327D427BD00533A5B /* GroupCollectionViewCell.xib */; };
		A6F4DC0227D49A9300533A5B /* BannerCollectionViewCell.swift in Sources */ = {isa = PBXBuildFile; fileRef = A6F4DBD327D40A9A00533A5B /* BannerCollectionViewCell.swift */; };
		A6F4DC0327D49A9300533A5B /* BannerCollectionViewCell.xib in Resources */ = {isa = PBXBuildFile; fileRef = A6F4DBD427D40A9A00533A5B /* BannerCollectionViewCell.xib */; };
		A6F4DC0427D49A9300533A5B /* BannersTableCell.swift in Sources */ = {isa = PBXBuildFile; fileRef = A6F4DBCE27D4021B00533A5B /* BannersTableCell.swift */; };
		A6F4DC0527D49A9300533A5B /* ContainerCollectionViewTableViewCell.swift in Sources */ = {isa = PBXBuildFile; fileRef = A6F4DBD827D4174000533A5B /* ContainerCollectionViewTableViewCell.swift */; };
		A6F4DC0627D49A9300533A5B /* GroupCollectionViewCell.swift in Sources */ = {isa = PBXBuildFile; fileRef = A6F4DBE227D427BD00533A5B /* GroupCollectionViewCell.swift */; };
		A6F4DC0727D49A9300533A5B /* ContainerCollectionViewTableViewCell.xib in Resources */ = {isa = PBXBuildFile; fileRef = A6F4DBD927D4174000533A5B /* ContainerCollectionViewTableViewCell.xib */; };
		A6F4DC0827D49A9400533A5B /* SmartCollectionViewCell.swift in Sources */ = {isa = PBXBuildFile; fileRef = A6F4DBDD27D4259400533A5B /* SmartCollectionViewCell.swift */; };
		A6F4DC0927D49A9400533A5B /* SmartCollectionViewCell.xib in Resources */ = {isa = PBXBuildFile; fileRef = A6F4DBDE27D4259400533A5B /* SmartCollectionViewCell.xib */; };
		A6F4DC0A27D49A9400533A5B /* BannersTableCell.xib in Resources */ = {isa = PBXBuildFile; fileRef = A6F4DBCF27D4021B00533A5B /* BannersTableCell.xib */; };
		A6F4DC0B27D49A9400533A5B /* GroupCollectionViewCell.xib in Resources */ = {isa = PBXBuildFile; fileRef = A6F4DBE327D427BD00533A5B /* GroupCollectionViewCell.xib */; };
		A6F4DC0C27D49A9400533A5B /* BannerCollectionViewCell.swift in Sources */ = {isa = PBXBuildFile; fileRef = A6F4DBD327D40A9A00533A5B /* BannerCollectionViewCell.swift */; };
		A6F4DC0D27D49A9400533A5B /* BannerCollectionViewCell.xib in Resources */ = {isa = PBXBuildFile; fileRef = A6F4DBD427D40A9A00533A5B /* BannerCollectionViewCell.xib */; };
		A6F4DC0E27D49A9400533A5B /* BannersTableCell.swift in Sources */ = {isa = PBXBuildFile; fileRef = A6F4DBCE27D4021B00533A5B /* BannersTableCell.swift */; };
		A6F4DC0F27D49A9400533A5B /* ContainerCollectionViewTableViewCell.swift in Sources */ = {isa = PBXBuildFile; fileRef = A6F4DBD827D4174000533A5B /* ContainerCollectionViewTableViewCell.swift */; };
		A6F4DC1027D49A9400533A5B /* GroupCollectionViewCell.swift in Sources */ = {isa = PBXBuildFile; fileRef = A6F4DBE227D427BD00533A5B /* GroupCollectionViewCell.swift */; };
		A6F4DC1127D49A9400533A5B /* ContainerCollectionViewTableViewCell.xib in Resources */ = {isa = PBXBuildFile; fileRef = A6F4DBD927D4174000533A5B /* ContainerCollectionViewTableViewCell.xib */; };
		A6F4DC1227D49AAC00533A5B /* AppDelegate.swift in Sources */ = {isa = PBXBuildFile; fileRef = A6862DC127CFB22B00129FE3 /* AppDelegate.swift */; };
		A6F4DC1327D49AAC00533A5B /* AppDelegate.swift in Sources */ = {isa = PBXBuildFile; fileRef = A6862DC127CFB22B00129FE3 /* AppDelegate.swift */; };
		A6F4DC1427D49AAF00533A5B /* SceneDelegate.swift in Sources */ = {isa = PBXBuildFile; fileRef = A6F4DBC727D387D700533A5B /* SceneDelegate.swift */; };
		A6F4DC1527D49AAF00533A5B /* SceneDelegate.swift in Sources */ = {isa = PBXBuildFile; fileRef = A6F4DBC727D387D700533A5B /* SceneDelegate.swift */; };
		A6F4DC1727D49B4E00533A5B /* MockSaryHomeRepository.swift in Sources */ = {isa = PBXBuildFile; fileRef = A6F4DC1627D49B4E00533A5B /* MockSaryHomeRepository.swift */; };
		A6F4DC1927D49D0700533A5B /* MockSaryHomeServicesManager.swift in Sources */ = {isa = PBXBuildFile; fileRef = A6F4DC1827D49D0700533A5B /* MockSaryHomeServicesManager.swift */; };
/* End PBXBuildFile section */

/* Begin PBXContainerItemProxy section */
		A6862DD527CFB22E00129FE3 /* PBXContainerItemProxy */ = {
			isa = PBXContainerItemProxy;
			containerPortal = A6862DB627CFB22B00129FE3 /* Project object */;
			proxyType = 1;
			remoteGlobalIDString = A6862DBD27CFB22B00129FE3;
			remoteInfo = "Sary flagship iOS App";
		};
		A6862DDF27CFB22E00129FE3 /* PBXContainerItemProxy */ = {
			isa = PBXContainerItemProxy;
			containerPortal = A6862DB627CFB22B00129FE3 /* Project object */;
			proxyType = 1;
			remoteGlobalIDString = A6862DBD27CFB22B00129FE3;
			remoteInfo = "Sary flagship iOS App";
		};
/* End PBXContainerItemProxy section */

/* Begin PBXFileReference section */
		1B1042B2BDB70BF7F2BA5C73 /* Pods-Sary flagship iOS App-Sary flagship iOS AppUITests.release.xcconfig */ = {isa = PBXFileReference; includeInIndex = 1; lastKnownFileType = text.xcconfig; name = "Pods-Sary flagship iOS App-Sary flagship iOS AppUITests.release.xcconfig"; path = "Target Support Files/Pods-Sary flagship iOS App-Sary flagship iOS AppUITests/Pods-Sary flagship iOS App-Sary flagship iOS AppUITests.release.xcconfig"; sourceTree = "<group>"; };
		4CDBBE2D965C524AB00C5FDD /* Pods-Sary flagship iOS App.release.xcconfig */ = {isa = PBXFileReference; includeInIndex = 1; lastKnownFileType = text.xcconfig; name = "Pods-Sary flagship iOS App.release.xcconfig"; path = "Target Support Files/Pods-Sary flagship iOS App/Pods-Sary flagship iOS App.release.xcconfig"; sourceTree = "<group>"; };
		759644EA4B985F94E6B5D18D /* Pods_Sary_flagship_iOS_AppTests.framework */ = {isa = PBXFileReference; explicitFileType = wrapper.framework; includeInIndex = 0; path = Pods_Sary_flagship_iOS_AppTests.framework; sourceTree = BUILT_PRODUCTS_DIR; };
		8F666CA968AC1ADABCB8F26D /* Pods-Sary flagship iOS AppTests.release.xcconfig */ = {isa = PBXFileReference; includeInIndex = 1; lastKnownFileType = text.xcconfig; name = "Pods-Sary flagship iOS AppTests.release.xcconfig"; path = "Target Support Files/Pods-Sary flagship iOS AppTests/Pods-Sary flagship iOS AppTests.release.xcconfig"; sourceTree = "<group>"; };
		95389D3DC2FD341D5B25D2C2 /* Pods-Sary flagship iOS App.debug.xcconfig */ = {isa = PBXFileReference; includeInIndex = 1; lastKnownFileType = text.xcconfig; name = "Pods-Sary flagship iOS App.debug.xcconfig"; path = "Target Support Files/Pods-Sary flagship iOS App/Pods-Sary flagship iOS App.debug.xcconfig"; sourceTree = "<group>"; };
		9F93903D01FAFC61D9083C18 /* Pods_Sary_flagship_iOS_App_Sary_flagship_iOS_AppUITests.framework */ = {isa = PBXFileReference; explicitFileType = wrapper.framework; includeInIndex = 0; path = Pods_Sary_flagship_iOS_App_Sary_flagship_iOS_AppUITests.framework; sourceTree = BUILT_PRODUCTS_DIR; };
		A6862DBE27CFB22B00129FE3 /* Sary flagship iOS App.app */ = {isa = PBXFileReference; explicitFileType = wrapper.application; includeInIndex = 0; path = "Sary flagship iOS App.app"; sourceTree = BUILT_PRODUCTS_DIR; };
		A6862DC127CFB22B00129FE3 /* AppDelegate.swift */ = {isa = PBXFileReference; lastKnownFileType = sourcecode.swift; path = AppDelegate.swift; sourceTree = "<group>"; };
		A6862DC527CFB22B00129FE3 /*  SaryHomeViewController.swift */ = {isa = PBXFileReference; lastKnownFileType = sourcecode.swift; path = " SaryHomeViewController.swift"; sourceTree = "<group>"; };
		A6862DC827CFB22B00129FE3 /* Base */ = {isa = PBXFileReference; lastKnownFileType = file.storyboard; name = Base; path = Base.lproj/Main.storyboard; sourceTree = "<group>"; };
		A6862DCA27CFB22E00129FE3 /* Assets.xcassets */ = {isa = PBXFileReference; lastKnownFileType = folder.assetcatalog; path = Assets.xcassets; sourceTree = "<group>"; };
		A6862DCD27CFB22E00129FE3 /* Base */ = {isa = PBXFileReference; lastKnownFileType = file.storyboard; name = Base; path = Base.lproj/LaunchScreen.storyboard; sourceTree = "<group>"; };
		A6862DCF27CFB22E00129FE3 /* Info.plist */ = {isa = PBXFileReference; lastKnownFileType = text.plist.xml; path = Info.plist; sourceTree = "<group>"; };
		A6862DD427CFB22E00129FE3 /* Sary flagship iOS AppTests.xctest */ = {isa = PBXFileReference; explicitFileType = wrapper.cfbundle; includeInIndex = 0; path = "Sary flagship iOS AppTests.xctest"; sourceTree = BUILT_PRODUCTS_DIR; };
		A6862DD827CFB22E00129FE3 /* SaryHomeDashboardViewModelTest.swift */ = {isa = PBXFileReference; lastKnownFileType = sourcecode.swift; path = SaryHomeDashboardViewModelTest.swift; sourceTree = "<group>"; };
		A6862DDE27CFB22E00129FE3 /* Sary flagship iOS AppUITests.xctest */ = {isa = PBXFileReference; explicitFileType = wrapper.cfbundle; includeInIndex = 0; path = "Sary flagship iOS AppUITests.xctest"; sourceTree = BUILT_PRODUCTS_DIR; };
		A6862DE227CFB22E00129FE3 /* Sary_flagship_iOS_AppUITests.swift */ = {isa = PBXFileReference; lastKnownFileType = sourcecode.swift; path = Sary_flagship_iOS_AppUITests.swift; sourceTree = "<group>"; };
		A6862DE427CFB22E00129FE3 /* Sary_flagship_iOS_AppUITestsLaunchTests.swift */ = {isa = PBXFileReference; lastKnownFileType = sourcecode.swift; path = Sary_flagship_iOS_AppUITestsLaunchTests.swift; sourceTree = "<group>"; };
		A6F0AEF627D2CB520051197E /* BannerModel.swift */ = {isa = PBXFileReference; lastKnownFileType = sourcecode.swift; path = BannerModel.swift; sourceTree = "<group>"; };
		A6F0AEF827D2CBD40051197E /* GenericResponseModel.swift */ = {isa = PBXFileReference; lastKnownFileType = sourcecode.swift; path = GenericResponseModel.swift; sourceTree = "<group>"; };
		A6F0AEFA27D2CDC80051197E /* CategoryModel.swift */ = {isa = PBXFileReference; lastKnownFileType = sourcecode.swift; path = CategoryModel.swift; sourceTree = "<group>"; };
		A6F0AEFD27D2DB080051197E /* Container+ViewModels.swift */ = {isa = PBXFileReference; fileEncoding = 4; lastKnownFileType = sourcecode.swift; path = "Container+ViewModels.swift"; sourceTree = "<group>"; };
		A6F0AEFE27D2DB080051197E /* Container+RegisterDependencies.swift */ = {isa = PBXFileReference; fileEncoding = 4; lastKnownFileType = sourcecode.swift; path = "Container+RegisterDependencies.swift"; sourceTree = "<group>"; };
		A6F0AEFF27D2DB080051197E /* Container+Services.swift */ = {isa = PBXFileReference; fileEncoding = 4; lastKnownFileType = sourcecode.swift; path = "Container+Services.swift"; sourceTree = "<group>"; };
		A6F0AF0127D2DB080051197E /* Container+Coordinators.swift */ = {isa = PBXFileReference; fileEncoding = 4; lastKnownFileType = sourcecode.swift; path = "Container+Coordinators.swift"; sourceTree = "<group>"; };
		A6F0AF0227D2DB080051197E /* Container+Repositories.swift */ = {isa = PBXFileReference; fileEncoding = 4; lastKnownFileType = sourcecode.swift; path = "Container+Repositories.swift"; sourceTree = "<group>"; };
		A6F0AF1527D2E3750051197E /* SaryHomeApi.swift */ = {isa = PBXFileReference; lastKnownFileType = sourcecode.swift; path = SaryHomeApi.swift; sourceTree = "<group>"; };
		A6F0AF1927D2E4470051197E /* SaryHomeRemoteServiceManager.swift */ = {isa = PBXFileReference; lastKnownFileType = sourcecode.swift; path = SaryHomeRemoteServiceManager.swift; sourceTree = "<group>"; };
		A6F0AF1D27D2E4B70051197E /* MoyaConfiguration.swift */ = {isa = PBXFileReference; fileEncoding = 4; lastKnownFileType = sourcecode.swift; path = MoyaConfiguration.swift; sourceTree = "<group>"; };
		A6F0AF2227D2E7EC0051197E /* SaryHomeDashboardViewModel.swift */ = {isa = PBXFileReference; lastKnownFileType = sourcecode.swift; path = SaryHomeDashboardViewModel.swift; sourceTree = "<group>"; };
		A6F0AF2627D2EB650051197E /* SaryHomeRepository.swift */ = {isa = PBXFileReference; lastKnownFileType = sourcecode.swift; path = SaryHomeRepository.swift; sourceTree = "<group>"; };
		A6F4DBBA27D374C700533A5B /* GetBannersUseCase.swift */ = {isa = PBXFileReference; lastKnownFileType = sourcecode.swift; path = GetBannersUseCase.swift; sourceTree = "<group>"; };
		A6F4DBBC27D3795400533A5B /* BaseViewModel.swift */ = {isa = PBXFileReference; fileEncoding = 4; lastKnownFileType = sourcecode.swift; path = BaseViewModel.swift; sourceTree = "<group>"; };
		A6F4DBBF27D37B5700533A5B /* AppCoordinator.swift */ = {isa = PBXFileReference; fileEncoding = 4; lastKnownFileType = sourcecode.swift; path = AppCoordinator.swift; sourceTree = "<group>"; };
		A6F4DBC027D37B5800533A5B /* BaseCoordinator.swift */ = {isa = PBXFileReference; fileEncoding = 4; lastKnownFileType = sourcecode.swift; path = BaseCoordinator.swift; sourceTree = "<group>"; };
		A6F4DBC327D37C2300533A5B /* TabBarConfiguration.swift */ = {isa = PBXFileReference; fileEncoding = 4; lastKnownFileType = sourcecode.swift; path = TabBarConfiguration.swift; sourceTree = "<group>"; };
		A6F4DBC527D37DF300533A5B /* SaryHomeCoordinatoor.swift */ = {isa = PBXFileReference; lastKnownFileType = sourcecode.swift; path = SaryHomeCoordinatoor.swift; sourceTree = "<group>"; };
		A6F4DBC727D387D700533A5B /* SceneDelegate.swift */ = {isa = PBXFileReference; lastKnownFileType = sourcecode.swift; path = SceneDelegate.swift; sourceTree = "<group>"; };
		A6F4DBC927D3FF7100533A5B /* SelfSizeTableView.swift */ = {isa = PBXFileReference; fileEncoding = 4; lastKnownFileType = sourcecode.swift; path = SelfSizeTableView.swift; sourceTree = "<group>"; };
		A6F4DBCE27D4021B00533A5B /* BannersTableCell.swift */ = {isa = PBXFileReference; lastKnownFileType = sourcecode.swift; path = BannersTableCell.swift; sourceTree = "<group>"; };
		A6F4DBCF27D4021B00533A5B /* BannersTableCell.xib */ = {isa = PBXFileReference; lastKnownFileType = file.xib; path = BannersTableCell.xib; sourceTree = "<group>"; };
		A6F4DBD327D40A9A00533A5B /* BannerCollectionViewCell.swift */ = {isa = PBXFileReference; lastKnownFileType = sourcecode.swift; path = BannerCollectionViewCell.swift; sourceTree = "<group>"; };
		A6F4DBD427D40A9A00533A5B /* BannerCollectionViewCell.xib */ = {isa = PBXFileReference; lastKnownFileType = file.xib; path = BannerCollectionViewCell.xib; sourceTree = "<group>"; };
		A6F4DBD827D4174000533A5B /* ContainerCollectionViewTableViewCell.swift */ = {isa = PBXFileReference; lastKnownFileType = sourcecode.swift; path = ContainerCollectionViewTableViewCell.swift; sourceTree = "<group>"; };
		A6F4DBD927D4174000533A5B /* ContainerCollectionViewTableViewCell.xib */ = {isa = PBXFileReference; lastKnownFileType = file.xib; path = ContainerCollectionViewTableViewCell.xib; sourceTree = "<group>"; };
		A6F4DBDD27D4259400533A5B /* SmartCollectionViewCell.swift */ = {isa = PBXFileReference; lastKnownFileType = sourcecode.swift; path = SmartCollectionViewCell.swift; sourceTree = "<group>"; };
		A6F4DBDE27D4259400533A5B /* SmartCollectionViewCell.xib */ = {isa = PBXFileReference; lastKnownFileType = file.xib; path = SmartCollectionViewCell.xib; sourceTree = "<group>"; };
		A6F4DBE227D427BD00533A5B /* GroupCollectionViewCell.swift */ = {isa = PBXFileReference; lastKnownFileType = sourcecode.swift; path = GroupCollectionViewCell.swift; sourceTree = "<group>"; };
		A6F4DBE327D427BD00533A5B /* GroupCollectionViewCell.xib */ = {isa = PBXFileReference; lastKnownFileType = file.xib; path = GroupCollectionViewCell.xib; sourceTree = "<group>"; };
		A6F4DBE627D42A8E00533A5B /* SelfSizeCollectionView.swift */ = {isa = PBXFileReference; fileEncoding = 4; lastKnownFileType = sourcecode.swift; path = SelfSizeCollectionView.swift; sourceTree = "<group>"; };
		A6F4DC1627D49B4E00533A5B /* MockSaryHomeRepository.swift */ = {isa = PBXFileReference; lastKnownFileType = sourcecode.swift; path = MockSaryHomeRepository.swift; sourceTree = "<group>"; };
		A6F4DC1827D49D0700533A5B /* MockSaryHomeServicesManager.swift */ = {isa = PBXFileReference; lastKnownFileType = sourcecode.swift; path = MockSaryHomeServicesManager.swift; sourceTree = "<group>"; };
		BDE6F1C3ADB51EB64C596313 /* Pods-Sary flagship iOS App-Sary flagship iOS AppUITests.debug.xcconfig */ = {isa = PBXFileReference; includeInIndex = 1; lastKnownFileType = text.xcconfig; name = "Pods-Sary flagship iOS App-Sary flagship iOS AppUITests.debug.xcconfig"; path = "Target Support Files/Pods-Sary flagship iOS App-Sary flagship iOS AppUITests/Pods-Sary flagship iOS App-Sary flagship iOS AppUITests.debug.xcconfig"; sourceTree = "<group>"; };
		D7F3E25FB819AE67841AD33D /* Pods_Sary_flagship_iOS_App.framework */ = {isa = PBXFileReference; explicitFileType = wrapper.framework; includeInIndex = 0; path = Pods_Sary_flagship_iOS_App.framework; sourceTree = BUILT_PRODUCTS_DIR; };
		D8758256C963E13361346C80 /* Pods-Sary flagship iOS AppTests.debug.xcconfig */ = {isa = PBXFileReference; includeInIndex = 1; lastKnownFileType = text.xcconfig; name = "Pods-Sary flagship iOS AppTests.debug.xcconfig"; path = "Target Support Files/Pods-Sary flagship iOS AppTests/Pods-Sary flagship iOS AppTests.debug.xcconfig"; sourceTree = "<group>"; };
/* End PBXFileReference section */

/* Begin PBXFrameworksBuildPhase section */
		A6862DBB27CFB22B00129FE3 /* Frameworks */ = {
			isa = PBXFrameworksBuildPhase;
			buildActionMask = 2147483647;
			files = (
				8E609A237AC2277203BC0E5F /* Pods_Sary_flagship_iOS_App.framework in Frameworks */,
			);
			runOnlyForDeploymentPostprocessing = 0;
		};
		A6862DD127CFB22E00129FE3 /* Frameworks */ = {
			isa = PBXFrameworksBuildPhase;
			buildActionMask = 2147483647;
			files = (
				1252D35BB0EDF1BB8BAE17CE /* Pods_Sary_flagship_iOS_AppTests.framework in Frameworks */,
			);
			runOnlyForDeploymentPostprocessing = 0;
		};
		A6862DDB27CFB22E00129FE3 /* Frameworks */ = {
			isa = PBXFrameworksBuildPhase;
			buildActionMask = 2147483647;
			files = (
				96B327B7C6196159E1DD5573 /* Pods_Sary_flagship_iOS_App_Sary_flagship_iOS_AppUITests.framework in Frameworks */,
			);
			runOnlyForDeploymentPostprocessing = 0;
		};
/* End PBXFrameworksBuildPhase section */

/* Begin PBXGroup section */
		0A238F302EA13EB60C4D7E57 /* Frameworks */ = {
			isa = PBXGroup;
			children = (
				D7F3E25FB819AE67841AD33D /* Pods_Sary_flagship_iOS_App.framework */,
				9F93903D01FAFC61D9083C18 /* Pods_Sary_flagship_iOS_App_Sary_flagship_iOS_AppUITests.framework */,
				759644EA4B985F94E6B5D18D /* Pods_Sary_flagship_iOS_AppTests.framework */,
			);
			name = Frameworks;
			sourceTree = "<group>";
		};
		72C1980067B38B8B221A084A /* Pods */ = {
			isa = PBXGroup;
			children = (
				95389D3DC2FD341D5B25D2C2 /* Pods-Sary flagship iOS App.debug.xcconfig */,
				4CDBBE2D965C524AB00C5FDD /* Pods-Sary flagship iOS App.release.xcconfig */,
				BDE6F1C3ADB51EB64C596313 /* Pods-Sary flagship iOS App-Sary flagship iOS AppUITests.debug.xcconfig */,
				1B1042B2BDB70BF7F2BA5C73 /* Pods-Sary flagship iOS App-Sary flagship iOS AppUITests.release.xcconfig */,
				D8758256C963E13361346C80 /* Pods-Sary flagship iOS AppTests.debug.xcconfig */,
				8F666CA968AC1ADABCB8F26D /* Pods-Sary flagship iOS AppTests.release.xcconfig */,
			);
			path = Pods;
			sourceTree = "<group>";
		};
		A6862DB527CFB22B00129FE3 = {
			isa = PBXGroup;
			children = (
				A6862DC027CFB22B00129FE3 /* Sary flagship iOS App */,
				A6862DD727CFB22E00129FE3 /* Sary flagship iOS AppTests */,
				A6862DE127CFB22E00129FE3 /* Sary flagship iOS AppUITests */,
				A6862DBF27CFB22B00129FE3 /* Products */,
				72C1980067B38B8B221A084A /* Pods */,
				0A238F302EA13EB60C4D7E57 /* Frameworks */,
			);
			sourceTree = "<group>";
		};
		A6862DBF27CFB22B00129FE3 /* Products */ = {
			isa = PBXGroup;
			children = (
				A6862DBE27CFB22B00129FE3 /* Sary flagship iOS App.app */,
				A6862DD427CFB22E00129FE3 /* Sary flagship iOS AppTests.xctest */,
				A6862DDE27CFB22E00129FE3 /* Sary flagship iOS AppUITests.xctest */,
			);
			name = Products;
			sourceTree = "<group>";
		};
		A6862DC027CFB22B00129FE3 /* Sary flagship iOS App */ = {
			isa = PBXGroup;
			children = (
				A6862DC127CFB22B00129FE3 /* AppDelegate.swift */,
				A6F4DBC727D387D700533A5B /* SceneDelegate.swift */,
				A6F4DBCB27D3FF7600533A5B /* Utilities */,
				A6F4DBBE27D37B2E00533A5B /* Coordinator */,
				A6F0AEFC27D2DB080051197E /* Dependency Injection */,
				A6F0AEF127D2CA6B0051197E /* DataLayer */,
				A6F0AF2127D2E7C80051197E /* ViewModels */,
				A6F0AEF027D2CA5B0051197E /* View */,
				A6862DC727CFB22B00129FE3 /* Main.storyboard */,
				A6862DCA27CFB22E00129FE3 /* Assets.xcassets */,
				A6862DCC27CFB22E00129FE3 /* LaunchScreen.storyboard */,
				A6862DCF27CFB22E00129FE3 /* Info.plist */,
			);
			path = "Sary flagship iOS App";
			sourceTree = "<group>";
		};
		A6862DD727CFB22E00129FE3 /* Sary flagship iOS AppTests */ = {
			isa = PBXGroup;
			children = (
				A6862DD827CFB22E00129FE3 /* SaryHomeDashboardViewModelTest.swift */,
				A6F4DC1627D49B4E00533A5B /* MockSaryHomeRepository.swift */,
				A6F4DC1827D49D0700533A5B /* MockSaryHomeServicesManager.swift */,
			);
			path = "Sary flagship iOS AppTests";
			sourceTree = "<group>";
		};
		A6862DE127CFB22E00129FE3 /* Sary flagship iOS AppUITests */ = {
			isa = PBXGroup;
			children = (
				A6862DE227CFB22E00129FE3 /* Sary_flagship_iOS_AppUITests.swift */,
				A6862DE427CFB22E00129FE3 /* Sary_flagship_iOS_AppUITestsLaunchTests.swift */,
			);
			path = "Sary flagship iOS AppUITests";
			sourceTree = "<group>";
		};
		A6F0AEF027D2CA5B0051197E /* View */ = {
			isa = PBXGroup;
			children = (
				A6862DC527CFB22B00129FE3 /*  SaryHomeViewController.swift */,
				A6F4DBCC27D401DD00533A5B /* HomeCells */,
			);
			path = View;
			sourceTree = "<group>";
		};
		A6F0AEF127D2CA6B0051197E /* DataLayer */ = {
			isa = PBXGroup;
			children = (
				A6F0AF1D27D2E4B70051197E /* MoyaConfiguration.swift */,
				A6F4DBB927D374A000533A5B /* UseCases */,
				A6F0AEF227D2CA7D0051197E /* RemoteServices */,
				A6F0AEF527D2CAA20051197E /* Models */,
				A6F0AEF427D2CA930051197E /* Repository */,
			);
			path = DataLayer;
			sourceTree = "<group>";
		};
		A6F0AEF227D2CA7D0051197E /* RemoteServices */ = {
			isa = PBXGroup;
			children = (
				A6F0AF1527D2E3750051197E /* SaryHomeApi.swift */,
				A6F0AF1927D2E4470051197E /* SaryHomeRemoteServiceManager.swift */,
			);
			path = RemoteServices;
			sourceTree = "<group>";
		};
		A6F0AEF427D2CA930051197E /* Repository */ = {
			isa = PBXGroup;
			children = (
				A6F0AF2627D2EB650051197E /* SaryHomeRepository.swift */,
			);
			path = Repository;
			sourceTree = "<group>";
		};
		A6F0AEF527D2CAA20051197E /* Models */ = {
			isa = PBXGroup;
			children = (
				A6F0AEF627D2CB520051197E /* BannerModel.swift */,
				A6F0AEFA27D2CDC80051197E /* CategoryModel.swift */,
				A6F0AEF827D2CBD40051197E /* GenericResponseModel.swift */,
			);
			path = Models;
			sourceTree = "<group>";
		};
		A6F0AEFC27D2DB080051197E /* Dependency Injection */ = {
			isa = PBXGroup;
			children = (
				A6F0AEFD27D2DB080051197E /* Container+ViewModels.swift */,
				A6F0AEFE27D2DB080051197E /* Container+RegisterDependencies.swift */,
				A6F0AEFF27D2DB080051197E /* Container+Services.swift */,
				A6F0AF0127D2DB080051197E /* Container+Coordinators.swift */,
				A6F0AF0227D2DB080051197E /* Container+Repositories.swift */,
			);
			path = "Dependency Injection";
			sourceTree = "<group>";
		};
		A6F0AF2127D2E7C80051197E /* ViewModels */ = {
			isa = PBXGroup;
			children = (
				A6F4DBBC27D3795400533A5B /* BaseViewModel.swift */,
				A6F0AF2227D2E7EC0051197E /* SaryHomeDashboardViewModel.swift */,
			);
			path = ViewModels;
			sourceTree = "<group>";
		};
		A6F4DBB927D374A000533A5B /* UseCases */ = {
			isa = PBXGroup;
			children = (
				A6F4DBBA27D374C700533A5B /* GetBannersUseCase.swift */,
			);
			path = UseCases;
			sourceTree = "<group>";
		};
		A6F4DBBE27D37B2E00533A5B /* Coordinator */ = {
			isa = PBXGroup;
			children = (
				A6F4DBC327D37C2300533A5B /* TabBarConfiguration.swift */,
				A6F4DBBF27D37B5700533A5B /* AppCoordinator.swift */,
				A6F4DBC527D37DF300533A5B /* SaryHomeCoordinatoor.swift */,
				A6F4DBC027D37B5800533A5B /* BaseCoordinator.swift */,
			);
			path = Coordinator;
			sourceTree = "<group>";
		};
		A6F4DBCB27D3FF7600533A5B /* Utilities */ = {
			isa = PBXGroup;
			children = (
				A6F4DBE627D42A8E00533A5B /* SelfSizeCollectionView.swift */,
				A6F4DBC927D3FF7100533A5B /* SelfSizeTableView.swift */,
			);
			path = Utilities;
			sourceTree = "<group>";
		};
		A6F4DBCC27D401DD00533A5B /* HomeCells */ = {
			isa = PBXGroup;
			children = (
				A6F4DBE127D427A200533A5B /* GroupCell */,
				A6F4DBDC27D4257D00533A5B /* SmartCell */,
				A6F4DBD727D416F300533A5B /* ContainerCollectionViewTableViewCell */,
				A6F4DBCD27D401EA00533A5B /* BannerContainerTableCell */,
				A6F4DBD227D40A7900533A5B /* BannerCollectionCell */,
			);
			path = HomeCells;
			sourceTree = "<group>";
		};
		A6F4DBCD27D401EA00533A5B /* BannerContainerTableCell */ = {
			isa = PBXGroup;
			children = (
				A6F4DBCE27D4021B00533A5B /* BannersTableCell.swift */,
				A6F4DBCF27D4021B00533A5B /* BannersTableCell.xib */,
			);
			path = BannerContainerTableCell;
			sourceTree = "<group>";
		};
		A6F4DBD227D40A7900533A5B /* BannerCollectionCell */ = {
			isa = PBXGroup;
			children = (
				A6F4DBD327D40A9A00533A5B /* BannerCollectionViewCell.swift */,
				A6F4DBD427D40A9A00533A5B /* BannerCollectionViewCell.xib */,
			);
			path = BannerCollectionCell;
			sourceTree = "<group>";
		};
		A6F4DBD727D416F300533A5B /* ContainerCollectionViewTableViewCell */ = {
			isa = PBXGroup;
			children = (
				A6F4DBD827D4174000533A5B /* ContainerCollectionViewTableViewCell.swift */,
				A6F4DBD927D4174000533A5B /* ContainerCollectionViewTableViewCell.xib */,
			);
			path = ContainerCollectionViewTableViewCell;
			sourceTree = "<group>";
		};
		A6F4DBDC27D4257D00533A5B /* SmartCell */ = {
			isa = PBXGroup;
			children = (
				A6F4DBDD27D4259400533A5B /* SmartCollectionViewCell.swift */,
				A6F4DBDE27D4259400533A5B /* SmartCollectionViewCell.xib */,
			);
			path = SmartCell;
			sourceTree = "<group>";
		};
		A6F4DBE127D427A200533A5B /* GroupCell */ = {
			isa = PBXGroup;
			children = (
				A6F4DBE227D427BD00533A5B /* GroupCollectionViewCell.swift */,
				A6F4DBE327D427BD00533A5B /* GroupCollectionViewCell.xib */,
			);
			path = GroupCell;
			sourceTree = "<group>";
		};
/* End PBXGroup section */

/* Begin PBXNativeTarget section */
		A6862DBD27CFB22B00129FE3 /* Sary flagship iOS App */ = {
			isa = PBXNativeTarget;
			buildConfigurationList = A6862DE827CFB22E00129FE3 /* Build configuration list for PBXNativeTarget "Sary flagship iOS App" */;
			buildPhases = (
				FC2AED0EB90DFF364D3D181B /* [CP] Check Pods Manifest.lock */,
				A6862DBA27CFB22B00129FE3 /* Sources */,
				A6862DBB27CFB22B00129FE3 /* Frameworks */,
				A6862DBC27CFB22B00129FE3 /* Resources */,
				5B44E3893DEC761D60059775 /* [CP] Embed Pods Frameworks */,
			);
			buildRules = (
			);
			dependencies = (
			);
			name = "Sary flagship iOS App";
			productName = "Sary flagship iOS App";
			productReference = A6862DBE27CFB22B00129FE3 /* Sary flagship iOS App.app */;
			productType = "com.apple.product-type.application";
		};
		A6862DD327CFB22E00129FE3 /* Sary flagship iOS AppTests */ = {
			isa = PBXNativeTarget;
			buildConfigurationList = A6862DEB27CFB22E00129FE3 /* Build configuration list for PBXNativeTarget "Sary flagship iOS AppTests" */;
			buildPhases = (
				F9DD88D5C4165F4A0EB20B04 /* [CP] Check Pods Manifest.lock */,
				A6862DD027CFB22E00129FE3 /* Sources */,
				A6862DD127CFB22E00129FE3 /* Frameworks */,
				A6862DD227CFB22E00129FE3 /* Resources */,
			);
			buildRules = (
			);
			dependencies = (
				A6862DD627CFB22E00129FE3 /* PBXTargetDependency */,
			);
			name = "Sary flagship iOS AppTests";
			productName = "Sary flagship iOS AppTests";
			productReference = A6862DD427CFB22E00129FE3 /* Sary flagship iOS AppTests.xctest */;
			productType = "com.apple.product-type.bundle.unit-test";
		};
		A6862DDD27CFB22E00129FE3 /* Sary flagship iOS AppUITests */ = {
			isa = PBXNativeTarget;
			buildConfigurationList = A6862DEE27CFB22E00129FE3 /* Build configuration list for PBXNativeTarget "Sary flagship iOS AppUITests" */;
			buildPhases = (
				D7AF5C50157315387B4586D6 /* [CP] Check Pods Manifest.lock */,
				A6862DDA27CFB22E00129FE3 /* Sources */,
				A6862DDB27CFB22E00129FE3 /* Frameworks */,
				A6862DDC27CFB22E00129FE3 /* Resources */,
				738EB914B350FC38E622D0FC /* [CP] Embed Pods Frameworks */,
			);
			buildRules = (
			);
			dependencies = (
				A6862DE027CFB22E00129FE3 /* PBXTargetDependency */,
			);
			name = "Sary flagship iOS AppUITests";
			productName = "Sary flagship iOS AppUITests";
			productReference = A6862DDE27CFB22E00129FE3 /* Sary flagship iOS AppUITests.xctest */;
			productType = "com.apple.product-type.bundle.ui-testing";
		};
/* End PBXNativeTarget section */

/* Begin PBXProject section */
		A6862DB627CFB22B00129FE3 /* Project object */ = {
			isa = PBXProject;
			attributes = {
				BuildIndependentTargetsInParallel = 1;
				LastSwiftUpdateCheck = 1320;
				LastUpgradeCheck = 1320;
				TargetAttributes = {
					A6862DBD27CFB22B00129FE3 = {
						CreatedOnToolsVersion = 13.2.1;
					};
					A6862DD327CFB22E00129FE3 = {
						CreatedOnToolsVersion = 13.2.1;
						TestTargetID = A6862DBD27CFB22B00129FE3;
					};
					A6862DDD27CFB22E00129FE3 = {
						CreatedOnToolsVersion = 13.2.1;
						TestTargetID = A6862DBD27CFB22B00129FE3;
					};
				};
			};
			buildConfigurationList = A6862DB927CFB22B00129FE3 /* Build configuration list for PBXProject "Sary flagship iOS App" */;
			compatibilityVersion = "Xcode 13.0";
			developmentRegion = en;
			hasScannedForEncodings = 0;
			knownRegions = (
				en,
				Base,
			);
			mainGroup = A6862DB527CFB22B00129FE3;
			productRefGroup = A6862DBF27CFB22B00129FE3 /* Products */;
			projectDirPath = "";
			projectRoot = "";
			targets = (
				A6862DBD27CFB22B00129FE3 /* Sary flagship iOS App */,
				A6862DD327CFB22E00129FE3 /* Sary flagship iOS AppTests */,
				A6862DDD27CFB22E00129FE3 /* Sary flagship iOS AppUITests */,
			);
		};
/* End PBXProject section */

/* Begin PBXResourcesBuildPhase section */
		A6862DBC27CFB22B00129FE3 /* Resources */ = {
			isa = PBXResourcesBuildPhase;
			buildActionMask = 2147483647;
			files = (
				A6F4DBE527D427BD00533A5B /* GroupCollectionViewCell.xib in Resources */,
				A6862DCE27CFB22E00129FE3 /* LaunchScreen.storyboard in Resources */,
				A6862DCB27CFB22E00129FE3 /* Assets.xcassets in Resources */,
				A6F4DBE027D4259400533A5B /* SmartCollectionViewCell.xib in Resources */,
				A6F4DBDB27D4174000533A5B /* ContainerCollectionViewTableViewCell.xib in Resources */,
				A6862DC927CFB22B00129FE3 /* Main.storyboard in Resources */,
				A6F4DBD127D4021B00533A5B /* BannersTableCell.xib in Resources */,
				A6F4DBD627D40A9A00533A5B /* BannerCollectionViewCell.xib in Resources */,
			);
			runOnlyForDeploymentPostprocessing = 0;
		};
		A6862DD227CFB22E00129FE3 /* Resources */ = {
			isa = PBXResourcesBuildPhase;
			buildActionMask = 2147483647;
			files = (
				A6F4DC0727D49A9300533A5B /* ContainerCollectionViewTableViewCell.xib in Resources */,
				A6F4DC0127D49A9300533A5B /* GroupCollectionViewCell.xib in Resources */,
				A6F4DC0027D49A9300533A5B /* BannersTableCell.xib in Resources */,
				A6F4DC0327D49A9300533A5B /* BannerCollectionViewCell.xib in Resources */,
				A6F4DBFF27D49A9300533A5B /* SmartCollectionViewCell.xib in Resources */,
			);
			runOnlyForDeploymentPostprocessing = 0;
		};
		A6862DDC27CFB22E00129FE3 /* Resources */ = {
			isa = PBXResourcesBuildPhase;
			buildActionMask = 2147483647;
			files = (
				A6F4DC1127D49A9400533A5B /* ContainerCollectionViewTableViewCell.xib in Resources */,
				A6F4DC0B27D49A9400533A5B /* GroupCollectionViewCell.xib in Resources */,
				A6F4DC0A27D49A9400533A5B /* BannersTableCell.xib in Resources */,
				A6F4DC0D27D49A9400533A5B /* BannerCollectionViewCell.xib in Resources */,
				A6F4DC0927D49A9400533A5B /* SmartCollectionViewCell.xib in Resources */,
			);
			runOnlyForDeploymentPostprocessing = 0;
		};
/* End PBXResourcesBuildPhase section */

/* Begin PBXShellScriptBuildPhase section */
		5B44E3893DEC761D60059775 /* [CP] Embed Pods Frameworks */ = {
			isa = PBXShellScriptBuildPhase;
			buildActionMask = 2147483647;
			files = (
			);
			inputFileListPaths = (
				"${PODS_ROOT}/Target Support Files/Pods-Sary flagship iOS App/Pods-Sary flagship iOS App-frameworks-${CONFIGURATION}-input-files.xcfilelist",
			);
			name = "[CP] Embed Pods Frameworks";
			outputFileListPaths = (
				"${PODS_ROOT}/Target Support Files/Pods-Sary flagship iOS App/Pods-Sary flagship iOS App-frameworks-${CONFIGURATION}-output-files.xcfilelist",
			);
			runOnlyForDeploymentPostprocessing = 0;
			shellPath = /bin/sh;
			shellScript = "\"${PODS_ROOT}/Target Support Files/Pods-Sary flagship iOS App/Pods-Sary flagship iOS App-frameworks.sh\"\n";
			showEnvVarsInLog = 0;
		};
		738EB914B350FC38E622D0FC /* [CP] Embed Pods Frameworks */ = {
			isa = PBXShellScriptBuildPhase;
			buildActionMask = 2147483647;
			files = (
			);
			inputFileListPaths = (
				"${PODS_ROOT}/Target Support Files/Pods-Sary flagship iOS App-Sary flagship iOS AppUITests/Pods-Sary flagship iOS App-Sary flagship iOS AppUITests-frameworks-${CONFIGURATION}-input-files.xcfilelist",
			);
			name = "[CP] Embed Pods Frameworks";
			outputFileListPaths = (
				"${PODS_ROOT}/Target Support Files/Pods-Sary flagship iOS App-Sary flagship iOS AppUITests/Pods-Sary flagship iOS App-Sary flagship iOS AppUITests-frameworks-${CONFIGURATION}-output-files.xcfilelist",
			);
			runOnlyForDeploymentPostprocessing = 0;
			shellPath = /bin/sh;
			shellScript = "\"${PODS_ROOT}/Target Support Files/Pods-Sary flagship iOS App-Sary flagship iOS AppUITests/Pods-Sary flagship iOS App-Sary flagship iOS AppUITests-frameworks.sh\"\n";
			showEnvVarsInLog = 0;
		};
		D7AF5C50157315387B4586D6 /* [CP] Check Pods Manifest.lock */ = {
			isa = PBXShellScriptBuildPhase;
			buildActionMask = 2147483647;
			files = (
			);
			inputFileListPaths = (
			);
			inputPaths = (
				"${PODS_PODFILE_DIR_PATH}/Podfile.lock",
				"${PODS_ROOT}/Manifest.lock",
			);
			name = "[CP] Check Pods Manifest.lock";
			outputFileListPaths = (
			);
			outputPaths = (
				"$(DERIVED_FILE_DIR)/Pods-Sary flagship iOS App-Sary flagship iOS AppUITests-checkManifestLockResult.txt",
			);
			runOnlyForDeploymentPostprocessing = 0;
			shellPath = /bin/sh;
			shellScript = "diff \"${PODS_PODFILE_DIR_PATH}/Podfile.lock\" \"${PODS_ROOT}/Manifest.lock\" > /dev/null\nif [ $? != 0 ] ; then\n    # print error to STDERR\n    echo \"error: The sandbox is not in sync with the Podfile.lock. Run 'pod install' or update your CocoaPods installation.\" >&2\n    exit 1\nfi\n# This output is used by Xcode 'outputs' to avoid re-running this script phase.\necho \"SUCCESS\" > \"${SCRIPT_OUTPUT_FILE_0}\"\n";
			showEnvVarsInLog = 0;
		};
		F9DD88D5C4165F4A0EB20B04 /* [CP] Check Pods Manifest.lock */ = {
			isa = PBXShellScriptBuildPhase;
			buildActionMask = 2147483647;
			files = (
			);
			inputFileListPaths = (
			);
			inputPaths = (
				"${PODS_PODFILE_DIR_PATH}/Podfile.lock",
				"${PODS_ROOT}/Manifest.lock",
			);
			name = "[CP] Check Pods Manifest.lock";
			outputFileListPaths = (
			);
			outputPaths = (
				"$(DERIVED_FILE_DIR)/Pods-Sary flagship iOS AppTests-checkManifestLockResult.txt",
			);
			runOnlyForDeploymentPostprocessing = 0;
			shellPath = /bin/sh;
			shellScript = "diff \"${PODS_PODFILE_DIR_PATH}/Podfile.lock\" \"${PODS_ROOT}/Manifest.lock\" > /dev/null\nif [ $? != 0 ] ; then\n    # print error to STDERR\n    echo \"error: The sandbox is not in sync with the Podfile.lock. Run 'pod install' or update your CocoaPods installation.\" >&2\n    exit 1\nfi\n# This output is used by Xcode 'outputs' to avoid re-running this script phase.\necho \"SUCCESS\" > \"${SCRIPT_OUTPUT_FILE_0}\"\n";
			showEnvVarsInLog = 0;
		};
		FC2AED0EB90DFF364D3D181B /* [CP] Check Pods Manifest.lock */ = {
			isa = PBXShellScriptBuildPhase;
			buildActionMask = 2147483647;
			files = (
			);
			inputFileListPaths = (
			);
			inputPaths = (
				"${PODS_PODFILE_DIR_PATH}/Podfile.lock",
				"${PODS_ROOT}/Manifest.lock",
			);
			name = "[CP] Check Pods Manifest.lock";
			outputFileListPaths = (
			);
			outputPaths = (
				"$(DERIVED_FILE_DIR)/Pods-Sary flagship iOS App-checkManifestLockResult.txt",
			);
			runOnlyForDeploymentPostprocessing = 0;
			shellPath = /bin/sh;
			shellScript = "diff \"${PODS_PODFILE_DIR_PATH}/Podfile.lock\" \"${PODS_ROOT}/Manifest.lock\" > /dev/null\nif [ $? != 0 ] ; then\n    # print error to STDERR\n    echo \"error: The sandbox is not in sync with the Podfile.lock. Run 'pod install' or update your CocoaPods installation.\" >&2\n    exit 1\nfi\n# This output is used by Xcode 'outputs' to avoid re-running this script phase.\necho \"SUCCESS\" > \"${SCRIPT_OUTPUT_FILE_0}\"\n";
			showEnvVarsInLog = 0;
		};
/* End PBXShellScriptBuildPhase section */

/* Begin PBXSourcesBuildPhase section */
		A6862DBA27CFB22B00129FE3 /* Sources */ = {
			isa = PBXSourcesBuildPhase;
			buildActionMask = 2147483647;
			files = (
				A6862DC627CFB22B00129FE3 /*  SaryHomeViewController.swift in Sources */,
				A6F0AF1227D2DB080051197E /* Container+Repositories.swift in Sources */,
				A6F4DBCA27D3FF7100533A5B /* SelfSizeTableView.swift in Sources */,
				A6F0AF1627D2E3750051197E /* SaryHomeApi.swift in Sources */,
				A6F4DBDF27D4259400533A5B /* SmartCollectionViewCell.swift in Sources */,
				A6F0AF0627D2DB080051197E /* Container+RegisterDependencies.swift in Sources */,
				A6F4DBBD27D3795400533A5B /* BaseViewModel.swift in Sources */,
				A6F4DBC627D37DF300533A5B /* SaryHomeCoordinatoor.swift in Sources */,
				A6F4DBE427D427BD00533A5B /* GroupCollectionViewCell.swift in Sources */,
				A6F0AEFB27D2CDC80051197E /* CategoryModel.swift in Sources */,
				A6F4DBC827D387D700533A5B /* SceneDelegate.swift in Sources */,
				A6F0AF2327D2E7EC0051197E /* SaryHomeDashboardViewModel.swift in Sources */,
				A6F0AF0927D2DB080051197E /* Container+Services.swift in Sources */,
				A6F4DBBB27D374C700533A5B /* GetBannersUseCase.swift in Sources */,
				A6862DC227CFB22B00129FE3 /* AppDelegate.swift in Sources */,
				A6F0AF1E27D2E4B70051197E /* MoyaConfiguration.swift in Sources */,
				A6F0AF0F27D2DB080051197E /* Container+Coordinators.swift in Sources */,
				A6F0AF2727D2EB650051197E /* SaryHomeRepository.swift in Sources */,
				A6F0AEF727D2CB520051197E /* BannerModel.swift in Sources */,
				A6F4DBC227D37B5800533A5B /* BaseCoordinator.swift in Sources */,
				A6F4DBD527D40A9A00533A5B /* BannerCollectionViewCell.swift in Sources */,
				A6F4DBC127D37B5800533A5B /* AppCoordinator.swift in Sources */,
				A6F4DBD027D4021B00533A5B /* BannersTableCell.swift in Sources */,
				A6F0AEF927D2CBD40051197E /* GenericResponseModel.swift in Sources */,
				A6F4DBDA27D4174000533A5B /* ContainerCollectionViewTableViewCell.swift in Sources */,
				A6F4DBC427D37C2300533A5B /* TabBarConfiguration.swift in Sources */,
				A6F4DBE727D42A8F00533A5B /* SelfSizeCollectionView.swift in Sources */,
				A6F0AF0327D2DB080051197E /* Container+ViewModels.swift in Sources */,
				A6F0AF1A27D2E4470051197E /* SaryHomeRemoteServiceManager.swift in Sources */,
			);
			runOnlyForDeploymentPostprocessing = 0;
		};
		A6862DD027CFB22E00129FE3 /* Sources */ = {
			isa = PBXSourcesBuildPhase;
			buildActionMask = 2147483647;
			files = (
				A6F4DBEC27D49A5000533A5B /* SelfSizeTableView.swift in Sources */,
				A6F4DBFE27D49A9300533A5B /* SmartCollectionViewCell.swift in Sources */,
				A6F0AF1B27D2E4470051197E /* SaryHomeRemoteServiceManager.swift in Sources */,
				A6F4DBF027D49A5700533A5B /* AppCoordinator.swift in Sources */,
				A6F4DC1227D49AAC00533A5B /* AppDelegate.swift in Sources */,
				A6F4DBEA27D49A4B00533A5B /* SelfSizeCollectionView.swift in Sources */,
				A6F0AF1027D2DB080051197E /* Container+Coordinators.swift in Sources */,
				A6F4DC0227D49A9300533A5B /* BannerCollectionViewCell.swift in Sources */,
				A6F4DBF627D49A7B00533A5B /* BannerModel.swift in Sources */,
				A6F0AF0427D2DB080051197E /* Container+ViewModels.swift in Sources */,
				A6F0AF2427D2E7EC0051197E /* SaryHomeDashboardViewModel.swift in Sources */,
				A6F0AF1327D2DB080051197E /* Container+Repositories.swift in Sources */,
				A6F4DC1427D49AAF00533A5B /* SceneDelegate.swift in Sources */,
				A6F4DBFC27D49A8800533A5B /*  SaryHomeViewController.swift in Sources */,
				A6F4DC0627D49A9300533A5B /* GroupCollectionViewCell.swift in Sources */,
				A6F0AF0A27D2DB080051197E /* Container+Services.swift in Sources */,
				A6F4DBEF27D49A5700533A5B /* TabBarConfiguration.swift in Sources */,
				A6F0AF2827D2EB650051197E /* SaryHomeRepository.swift in Sources */,
				A6F0AF0727D2DB080051197E /* Container+RegisterDependencies.swift in Sources */,
				A6F4DC1927D49D0700533A5B /* MockSaryHomeServicesManager.swift in Sources */,
				A6F4DBF727D49A7B00533A5B /* CategoryModel.swift in Sources */,
				A6F4DBEE27D49A5700533A5B /* BaseCoordinator.swift in Sources */,
				A6F4DC1727D49B4E00533A5B /* MockSaryHomeRepository.swift in Sources */,
				A6F0AF1727D2E3750051197E /* SaryHomeApi.swift in Sources */,
				A6F4DBF127D49A5700533A5B /* SaryHomeCoordinatoor.swift in Sources */,
				A6F4DBFA27D49A8400533A5B /* BaseViewModel.swift in Sources */,
				A6F4DC0427D49A9300533A5B /* BannersTableCell.swift in Sources */,
				A6F4DC0527D49A9300533A5B /* ContainerCollectionViewTableViewCell.swift in Sources */,
				A6F0AF1F27D2E4B70051197E /* MoyaConfiguration.swift in Sources */,
				A6F4DBE827D49A3900533A5B /* GenericResponseModel.swift in Sources */,
				A6862DD927CFB22E00129FE3 /* SaryHomeDashboardViewModelTest.swift in Sources */,
			);
			runOnlyForDeploymentPostprocessing = 0;
		};
		A6862DDA27CFB22E00129FE3 /* Sources */ = {
			isa = PBXSourcesBuildPhase;
			buildActionMask = 2147483647;
			files = (
				A6862DE327CFB22E00129FE3 /* Sary_flagship_iOS_AppUITests.swift in Sources */,
				A6F4DBFB27D49A8500533A5B /* BaseViewModel.swift in Sources */,
				A6F0AF1C27D2E4470051197E /* SaryHomeRemoteServiceManager.swift in Sources */,
				A6F0AF0B27D2DB080051197E /* Container+Services.swift in Sources */,
				A6F4DC1327D49AAC00533A5B /* AppDelegate.swift in Sources */,
				A6F4DC1527D49AAF00533A5B /* SceneDelegate.swift in Sources */,
				A6F4DBF327D49A5800533A5B /* TabBarConfiguration.swift in Sources */,
				A6F4DBF927D49A7C00533A5B /* CategoryModel.swift in Sources */,
				A6F0AF1127D2DB080051197E /* Container+Coordinators.swift in Sources */,
				A6F0AF2927D2EB650051197E /* SaryHomeRepository.swift in Sources */,
				A6F4DC1027D49A9400533A5B /* GroupCollectionViewCell.swift in Sources */,
				A6F4DC0E27D49A9400533A5B /* BannersTableCell.swift in Sources */,
				A6F4DBF427D49A5800533A5B /* AppCoordinator.swift in Sources */,
				A6F4DBF527D49A5800533A5B /* SaryHomeCoordinatoor.swift in Sources */,
				A6F0AF0827D2DB080051197E /* Container+RegisterDependencies.swift in Sources */,
				A6F4DBE927D49A3A00533A5B /* GenericResponseModel.swift in Sources */,
				A6F4DBEB27D49A4D00533A5B /* SelfSizeCollectionView.swift in Sources */,
				A6F4DBFD27D49A8900533A5B /*  SaryHomeViewController.swift in Sources */,
				A6F4DBED27D49A5000533A5B /* SelfSizeTableView.swift in Sources */,
				A6F0AF2527D2E7EC0051197E /* SaryHomeDashboardViewModel.swift in Sources */,
				A6F0AF1827D2E3750051197E /* SaryHomeApi.swift in Sources */,
				A6F4DC0F27D49A9400533A5B /* ContainerCollectionViewTableViewCell.swift in Sources */,
				A6F0AF1427D2DB080051197E /* Container+Repositories.swift in Sources */,
				A6F4DC0C27D49A9400533A5B /* BannerCollectionViewCell.swift in Sources */,
				A6862DE527CFB22E00129FE3 /* Sary_flagship_iOS_AppUITestsLaunchTests.swift in Sources */,
				A6F0AF0527D2DB080051197E /* Container+ViewModels.swift in Sources */,
				A6F0AF2027D2E4B70051197E /* MoyaConfiguration.swift in Sources */,
				A6F4DBF227D49A5800533A5B /* BaseCoordinator.swift in Sources */,
				A6F4DC0827D49A9400533A5B /* SmartCollectionViewCell.swift in Sources */,
				A6F4DBF827D49A7C00533A5B /* BannerModel.swift in Sources */,
			);
			runOnlyForDeploymentPostprocessing = 0;
		};
/* End PBXSourcesBuildPhase section */

/* Begin PBXTargetDependency section */
		A6862DD627CFB22E00129FE3 /* PBXTargetDependency */ = {
			isa = PBXTargetDependency;
			target = A6862DBD27CFB22B00129FE3 /* Sary flagship iOS App */;
			targetProxy = A6862DD527CFB22E00129FE3 /* PBXContainerItemProxy */;
		};
		A6862DE027CFB22E00129FE3 /* PBXTargetDependency */ = {
			isa = PBXTargetDependency;
			target = A6862DBD27CFB22B00129FE3 /* Sary flagship iOS App */;
			targetProxy = A6862DDF27CFB22E00129FE3 /* PBXContainerItemProxy */;
		};
/* End PBXTargetDependency section */

/* Begin PBXVariantGroup section */
		A6862DC727CFB22B00129FE3 /* Main.storyboard */ = {
			isa = PBXVariantGroup;
			children = (
				A6862DC827CFB22B00129FE3 /* Base */,
			);
			name = Main.storyboard;
			sourceTree = "<group>";
		};
		A6862DCC27CFB22E00129FE3 /* LaunchScreen.storyboard */ = {
			isa = PBXVariantGroup;
			children = (
				A6862DCD27CFB22E00129FE3 /* Base */,
			);
			name = LaunchScreen.storyboard;
			sourceTree = "<group>";
		};
/* End PBXVariantGroup section */

/* Begin XCBuildConfiguration section */
		A6862DE627CFB22E00129FE3 /* Debug */ = {
			isa = XCBuildConfiguration;
			buildSettings = {
				ALWAYS_SEARCH_USER_PATHS = NO;
				CLANG_ANALYZER_NONNULL = YES;
				CLANG_ANALYZER_NUMBER_OBJECT_CONVERSION = YES_AGGRESSIVE;
				CLANG_CXX_LANGUAGE_STANDARD = "gnu++17";
				CLANG_CXX_LIBRARY = "libc++";
				CLANG_ENABLE_MODULES = YES;
				CLANG_ENABLE_OBJC_ARC = YES;
				CLANG_ENABLE_OBJC_WEAK = YES;
				CLANG_WARN_BLOCK_CAPTURE_AUTORELEASING = YES;
				CLANG_WARN_BOOL_CONVERSION = YES;
				CLANG_WARN_COMMA = YES;
				CLANG_WARN_CONSTANT_CONVERSION = YES;
				CLANG_WARN_DEPRECATED_OBJC_IMPLEMENTATIONS = YES;
				CLANG_WARN_DIRECT_OBJC_ISA_USAGE = YES_ERROR;
				CLANG_WARN_DOCUMENTATION_COMMENTS = YES;
				CLANG_WARN_EMPTY_BODY = YES;
				CLANG_WARN_ENUM_CONVERSION = YES;
				CLANG_WARN_INFINITE_RECURSION = YES;
				CLANG_WARN_INT_CONVERSION = YES;
				CLANG_WARN_NON_LITERAL_NULL_CONVERSION = YES;
				CLANG_WARN_OBJC_IMPLICIT_RETAIN_SELF = YES;
				CLANG_WARN_OBJC_LITERAL_CONVERSION = YES;
				CLANG_WARN_OBJC_ROOT_CLASS = YES_ERROR;
				CLANG_WARN_QUOTED_INCLUDE_IN_FRAMEWORK_HEADER = YES;
				CLANG_WARN_RANGE_LOOP_ANALYSIS = YES;
				CLANG_WARN_STRICT_PROTOTYPES = YES;
				CLANG_WARN_SUSPICIOUS_MOVE = YES;
				CLANG_WARN_UNGUARDED_AVAILABILITY = YES_AGGRESSIVE;
				CLANG_WARN_UNREACHABLE_CODE = YES;
				CLANG_WARN__DUPLICATE_METHOD_MATCH = YES;
				COPY_PHASE_STRIP = NO;
				DEBUG_INFORMATION_FORMAT = dwarf;
				ENABLE_STRICT_OBJC_MSGSEND = YES;
				ENABLE_TESTABILITY = YES;
				GCC_C_LANGUAGE_STANDARD = gnu11;
				GCC_DYNAMIC_NO_PIC = NO;
				GCC_NO_COMMON_BLOCKS = YES;
				GCC_OPTIMIZATION_LEVEL = 0;
				GCC_PREPROCESSOR_DEFINITIONS = (
					"DEBUG=1",
					"$(inherited)",
				);
				GCC_WARN_64_TO_32_BIT_CONVERSION = YES;
				GCC_WARN_ABOUT_RETURN_TYPE = YES_ERROR;
				GCC_WARN_UNDECLARED_SELECTOR = YES;
				GCC_WARN_UNINITIALIZED_AUTOS = YES_AGGRESSIVE;
				GCC_WARN_UNUSED_FUNCTION = YES;
				GCC_WARN_UNUSED_VARIABLE = YES;
				IPHONEOS_DEPLOYMENT_TARGET = 11.0;
				MTL_ENABLE_DEBUG_INFO = INCLUDE_SOURCE;
				MTL_FAST_MATH = YES;
				ONLY_ACTIVE_ARCH = YES;
				SDKROOT = iphoneos;
				SWIFT_ACTIVE_COMPILATION_CONDITIONS = DEBUG;
				SWIFT_OPTIMIZATION_LEVEL = "-Onone";
			};
			name = Debug;
		};
		A6862DE727CFB22E00129FE3 /* Release */ = {
			isa = XCBuildConfiguration;
			buildSettings = {
				ALWAYS_SEARCH_USER_PATHS = NO;
				CLANG_ANALYZER_NONNULL = YES;
				CLANG_ANALYZER_NUMBER_OBJECT_CONVERSION = YES_AGGRESSIVE;
				CLANG_CXX_LANGUAGE_STANDARD = "gnu++17";
				CLANG_CXX_LIBRARY = "libc++";
				CLANG_ENABLE_MODULES = YES;
				CLANG_ENABLE_OBJC_ARC = YES;
				CLANG_ENABLE_OBJC_WEAK = YES;
				CLANG_WARN_BLOCK_CAPTURE_AUTORELEASING = YES;
				CLANG_WARN_BOOL_CONVERSION = YES;
				CLANG_WARN_COMMA = YES;
				CLANG_WARN_CONSTANT_CONVERSION = YES;
				CLANG_WARN_DEPRECATED_OBJC_IMPLEMENTATIONS = YES;
				CLANG_WARN_DIRECT_OBJC_ISA_USAGE = YES_ERROR;
				CLANG_WARN_DOCUMENTATION_COMMENTS = YES;
				CLANG_WARN_EMPTY_BODY = YES;
				CLANG_WARN_ENUM_CONVERSION = YES;
				CLANG_WARN_INFINITE_RECURSION = YES;
				CLANG_WARN_INT_CONVERSION = YES;
				CLANG_WARN_NON_LITERAL_NULL_CONVERSION = YES;
				CLANG_WARN_OBJC_IMPLICIT_RETAIN_SELF = YES;
				CLANG_WARN_OBJC_LITERAL_CONVERSION = YES;
				CLANG_WARN_OBJC_ROOT_CLASS = YES_ERROR;
				CLANG_WARN_QUOTED_INCLUDE_IN_FRAMEWORK_HEADER = YES;
				CLANG_WARN_RANGE_LOOP_ANALYSIS = YES;
				CLANG_WARN_STRICT_PROTOTYPES = YES;
				CLANG_WARN_SUSPICIOUS_MOVE = YES;
				CLANG_WARN_UNGUARDED_AVAILABILITY = YES_AGGRESSIVE;
				CLANG_WARN_UNREACHABLE_CODE = YES;
				CLANG_WARN__DUPLICATE_METHOD_MATCH = YES;
				COPY_PHASE_STRIP = NO;
				DEBUG_INFORMATION_FORMAT = "dwarf-with-dsym";
				ENABLE_NS_ASSERTIONS = NO;
				ENABLE_STRICT_OBJC_MSGSEND = YES;
				GCC_C_LANGUAGE_STANDARD = gnu11;
				GCC_NO_COMMON_BLOCKS = YES;
				GCC_WARN_64_TO_32_BIT_CONVERSION = YES;
				GCC_WARN_ABOUT_RETURN_TYPE = YES_ERROR;
				GCC_WARN_UNDECLARED_SELECTOR = YES;
				GCC_WARN_UNINITIALIZED_AUTOS = YES_AGGRESSIVE;
				GCC_WARN_UNUSED_FUNCTION = YES;
				GCC_WARN_UNUSED_VARIABLE = YES;
				IPHONEOS_DEPLOYMENT_TARGET = 11.0;
				MTL_ENABLE_DEBUG_INFO = NO;
				MTL_FAST_MATH = YES;
				SDKROOT = iphoneos;
				SWIFT_COMPILATION_MODE = wholemodule;
				SWIFT_OPTIMIZATION_LEVEL = "-O";
				VALIDATE_PRODUCT = YES;
			};
			name = Release;
		};
		A6862DE927CFB22E00129FE3 /* Debug */ = {
			isa = XCBuildConfiguration;
			baseConfigurationReference = 95389D3DC2FD341D5B25D2C2 /* Pods-Sary flagship iOS App.debug.xcconfig */;
			buildSettings = {
				ASSETCATALOG_COMPILER_APPICON_NAME = AppIcon;
				ASSETCATALOG_COMPILER_GLOBAL_ACCENT_COLOR_NAME = AccentColor;
				CODE_SIGN_STYLE = Automatic;
				CURRENT_PROJECT_VERSION = 1;
				DEVELOPMENT_TEAM = Q6V8Q8744Y;
				GENERATE_INFOPLIST_FILE = YES;
				INFOPLIST_FILE = "Sary flagship iOS App/Info.plist";
				INFOPLIST_KEY_UIApplicationSupportsIndirectInputEvents = YES;
				INFOPLIST_KEY_UILaunchStoryboardName = LaunchScreen;
				INFOPLIST_KEY_UIMainStoryboardFile = Main;
				INFOPLIST_KEY_UISupportedInterfaceOrientations_iPad = "UIInterfaceOrientationPortrait UIInterfaceOrientationPortraitUpsideDown UIInterfaceOrientationLandscapeLeft UIInterfaceOrientationLandscapeRight";
				INFOPLIST_KEY_UISupportedInterfaceOrientations_iPhone = "UIInterfaceOrientationPortrait UIInterfaceOrientationLandscapeLeft UIInterfaceOrientationLandscapeRight";
				LD_RUNPATH_SEARCH_PATHS = (
					"$(inherited)",
					"@executable_path/Frameworks",
				);
				MARKETING_VERSION = 1.0;
				PRODUCT_BUNDLE_IDENTIFIER = "com.test.Sary-flagship-iOS-App";
				PRODUCT_NAME = "$(TARGET_NAME)";
				SWIFT_EMIT_LOC_STRINGS = YES;
				SWIFT_VERSION = 5.0;
				TARGETED_DEVICE_FAMILY = "1,2";
			};
			name = Debug;
		};
		A6862DEA27CFB22E00129FE3 /* Release */ = {
			isa = XCBuildConfiguration;
			baseConfigurationReference = 4CDBBE2D965C524AB00C5FDD /* Pods-Sary flagship iOS App.release.xcconfig */;
			buildSettings = {
				ASSETCATALOG_COMPILER_APPICON_NAME = AppIcon;
				ASSETCATALOG_COMPILER_GLOBAL_ACCENT_COLOR_NAME = AccentColor;
				CODE_SIGN_STYLE = Automatic;
				CURRENT_PROJECT_VERSION = 1;
				DEVELOPMENT_TEAM = Q6V8Q8744Y;
				GENERATE_INFOPLIST_FILE = YES;
				INFOPLIST_FILE = "Sary flagship iOS App/Info.plist";
				INFOPLIST_KEY_UIApplicationSupportsIndirectInputEvents = YES;
				INFOPLIST_KEY_UILaunchStoryboardName = LaunchScreen;
				INFOPLIST_KEY_UIMainStoryboardFile = Main;
				INFOPLIST_KEY_UISupportedInterfaceOrientations_iPad = "UIInterfaceOrientationPortrait UIInterfaceOrientationPortraitUpsideDown UIInterfaceOrientationLandscapeLeft UIInterfaceOrientationLandscapeRight";
				INFOPLIST_KEY_UISupportedInterfaceOrientations_iPhone = "UIInterfaceOrientationPortrait UIInterfaceOrientationLandscapeLeft UIInterfaceOrientationLandscapeRight";
				LD_RUNPATH_SEARCH_PATHS = (
					"$(inherited)",
					"@executable_path/Frameworks",
				);
				MARKETING_VERSION = 1.0;
				PRODUCT_BUNDLE_IDENTIFIER = "com.test.Sary-flagship-iOS-App";
				PRODUCT_NAME = "$(TARGET_NAME)";
				SWIFT_EMIT_LOC_STRINGS = YES;
				SWIFT_VERSION = 5.0;
				TARGETED_DEVICE_FAMILY = "1,2";
			};
			name = Release;
		};
		A6862DEC27CFB22E00129FE3 /* Debug */ = {
			isa = XCBuildConfiguration;
			baseConfigurationReference = D8758256C963E13361346C80 /* Pods-Sary flagship iOS AppTests.debug.xcconfig */;
			buildSettings = {
				ALWAYS_EMBED_SWIFT_STANDARD_LIBRARIES = YES;
				BUNDLE_LOADER = "$(TEST_HOST)";
				CODE_SIGN_STYLE = Automatic;
				CURRENT_PROJECT_VERSION = 1;
				DEVELOPMENT_TEAM = SHN4T4ME84;
				GENERATE_INFOPLIST_FILE = YES;
				IPHONEOS_DEPLOYMENT_TARGET = 15.2;
				MARKETING_VERSION = 1.0;
				PRODUCT_BUNDLE_IDENTIFIER = "com.test.Sary-flagship-iOS-AppTests";
				PRODUCT_NAME = "$(TARGET_NAME)";
				SWIFT_EMIT_LOC_STRINGS = NO;
				SWIFT_VERSION = 5.0;
				TARGETED_DEVICE_FAMILY = "1,2";
				TEST_HOST = "$(BUILT_PRODUCTS_DIR)/Sary flagship iOS App.app/Sary flagship iOS App";
			};
			name = Debug;
		};
		A6862DED27CFB22E00129FE3 /* Release */ = {
			isa = XCBuildConfiguration;
			baseConfigurationReference = 8F666CA968AC1ADABCB8F26D /* Pods-Sary flagship iOS AppTests.release.xcconfig */;
			buildSettings = {
				ALWAYS_EMBED_SWIFT_STANDARD_LIBRARIES = YES;
				BUNDLE_LOADER = "$(TEST_HOST)";
				CODE_SIGN_STYLE = Automatic;
				CURRENT_PROJECT_VERSION = 1;
				DEVELOPMENT_TEAM = SHN4T4ME84;
				GENERATE_INFOPLIST_FILE = YES;
				IPHONEOS_DEPLOYMENT_TARGET = 15.2;
				MARKETING_VERSION = 1.0;
				PRODUCT_BUNDLE_IDENTIFIER = "com.test.Sary-flagship-iOS-AppTests";
				PRODUCT_NAME = "$(TARGET_NAME)";
				SWIFT_EMIT_LOC_STRINGS = NO;
				SWIFT_VERSION = 5.0;
				TARGETED_DEVICE_FAMILY = "1,2";
				TEST_HOST = "$(BUILT_PRODUCTS_DIR)/Sary flagship iOS App.app/Sary flagship iOS App";
			};
			name = Release;
		};
		A6862DEF27CFB22E00129FE3 /* Debug */ = {
			isa = XCBuildConfiguration;
			baseConfigurationReference = BDE6F1C3ADB51EB64C596313 /* Pods-Sary flagship iOS App-Sary flagship iOS AppUITests.debug.xcconfig */;
			buildSettings = {
				ALWAYS_EMBED_SWIFT_STANDARD_LIBRARIES = YES;
				CODE_SIGN_STYLE = Automatic;
				CURRENT_PROJECT_VERSION = 1;
				DEVELOPMENT_TEAM = SHN4T4ME84;
				GENERATE_INFOPLIST_FILE = YES;
				MARKETING_VERSION = 1.0;
				PRODUCT_BUNDLE_IDENTIFIER = "com.test.Sary-flagship-iOS-AppUITests";
				PRODUCT_NAME = "$(TARGET_NAME)";
				SWIFT_EMIT_LOC_STRINGS = NO;
				SWIFT_VERSION = 5.0;
				TARGETED_DEVICE_FAMILY = "1,2";
				TEST_TARGET_NAME = "Sary flagship iOS App";
			};
			name = Debug;
		};
		A6862DF027CFB22E00129FE3 /* Release */ = {
			isa = XCBuildConfiguration;
			baseConfigurationReference = 1B1042B2BDB70BF7F2BA5C73 /* Pods-Sary flagship iOS App-Sary flagship iOS AppUITests.release.xcconfig */;
			buildSettings = {
				ALWAYS_EMBED_SWIFT_STANDARD_LIBRARIES = YES;
				CODE_SIGN_STYLE = Automatic;
				CURRENT_PROJECT_VERSION = 1;
				DEVELOPMENT_TEAM = SHN4T4ME84;
				GENERATE_INFOPLIST_FILE = YES;
				MARKETING_VERSION = 1.0;
				PRODUCT_BUNDLE_IDENTIFIER = "com.test.Sary-flagship-iOS-AppUITests";
				PRODUCT_NAME = "$(TARGET_NAME)";
				SWIFT_EMIT_LOC_STRINGS = NO;
				SWIFT_VERSION = 5.0;
				TARGETED_DEVICE_FAMILY = "1,2";
				TEST_TARGET_NAME = "Sary flagship iOS App";
			};
			name = Release;
		};
/* End XCBuildConfiguration section */

/* Begin XCConfigurationList section */
		A6862DB927CFB22B00129FE3 /* Build configuration list for PBXProject "Sary flagship iOS App" */ = {
			isa = XCConfigurationList;
			buildConfigurations = (
				A6862DE627CFB22E00129FE3 /* Debug */,
				A6862DE727CFB22E00129FE3 /* Release */,
			);
			defaultConfigurationIsVisible = 0;
			defaultConfigurationName = Release;
		};
		A6862DE827CFB22E00129FE3 /* Build configuration list for PBXNativeTarget "Sary flagship iOS App" */ = {
			isa = XCConfigurationList;
			buildConfigurations = (
				A6862DE927CFB22E00129FE3 /* Debug */,
				A6862DEA27CFB22E00129FE3 /* Release */,
			);
			defaultConfigurationIsVisible = 0;
			defaultConfigurationName = Release;
		};
		A6862DEB27CFB22E00129FE3 /* Build configuration list for PBXNativeTarget "Sary flagship iOS AppTests" */ = {
			isa = XCConfigurationList;
			buildConfigurations = (
				A6862DEC27CFB22E00129FE3 /* Debug */,
				A6862DED27CFB22E00129FE3 /* Release */,
			);
			defaultConfigurationIsVisible = 0;
			defaultConfigurationName = Release;
		};
		A6862DEE27CFB22E00129FE3 /* Build configuration list for PBXNativeTarget "Sary flagship iOS AppUITests" */ = {
			isa = XCConfigurationList;
			buildConfigurations = (
				A6862DEF27CFB22E00129FE3 /* Debug */,
				A6862DF027CFB22E00129FE3 /* Release */,
			);
			defaultConfigurationIsVisible = 0;
			defaultConfigurationName = Release;
		};
/* End XCConfigurationList section */
	};
	rootObject = A6862DB627CFB22B00129FE3 /* Project object */;
}
